// !$*UTF8*$!
{
	archiveVersion = 1;
	classes = {
	};
	objectVersion = 48;
	objects = {

/* Begin PBXBuildFile section */
		8F754C42CAC81C24A52A6442 /* Pods_rainyshinycloudy.framework in Frameworks */ = {isa = PBXBuildFile; fileRef = 449D304623C11554CEB8A8D6 /* Pods_rainyshinycloudy.framework */; };
		D664ECD81F4E2B580067CA7E /* Forecast.swift in Sources */ = {isa = PBXBuildFile; fileRef = D664ECD71F4E2B580067CA7E /* Forecast.swift */; };
		D664ECDC1F4F45C60067CA7E /* WeatherCell.swift in Sources */ = {isa = PBXBuildFile; fileRef = D664ECDB1F4F45C60067CA7E /* WeatherCell.swift */; };
		D67F29FA1F4C8AE500260BBB /* AppDelegate.swift in Sources */ = {isa = PBXBuildFile; fileRef = D67F29F91F4C8AE500260BBB /* AppDelegate.swift */; };
		D67F29FC1F4C8AE500260BBB /* WeatherVC.swift in Sources */ = {isa = PBXBuildFile; fileRef = D67F29FB1F4C8AE500260BBB /* WeatherVC.swift */; };
		D67F29FF1F4C8AE500260BBB /* Main.storyboard in Resources */ = {isa = PBXBuildFile; fileRef = D67F29FD1F4C8AE500260BBB /* Main.storyboard */; };
		D67F2A011F4C8AE500260BBB /* Assets.xcassets in Resources */ = {isa = PBXBuildFile; fileRef = D67F2A001F4C8AE500260BBB /* Assets.xcassets */; };
		D67F2A041F4C8AE500260BBB /* LaunchScreen.storyboard in Resources */ = {isa = PBXBuildFile; fileRef = D67F2A021F4C8AE500260BBB /* LaunchScreen.storyboard */; };
		D68113631F4CDD1500AA6FE0 /* constants.swift in Sources */ = {isa = PBXBuildFile; fileRef = D68113621F4CDD1500AA6FE0 /* constants.swift */; };
		D68113651F4CE6C700AA6FE0 /* CurrentWeather.swift in Sources */ = {isa = PBXBuildFile; fileRef = D68113641F4CE6C700AA6FE0 /* CurrentWeather.swift */; };
		D68B51BF1F603DF10016635E /* Location.swift in Sources */ = {isa = PBXBuildFile; fileRef = D68B51BE1F603DF10016635E /* Location.swift */; };
/* End PBXBuildFile section */

/* Begin PBXFileReference section */
		224672C7C0F0AAFF1D8FA67C /* Pods-rainyshinycloudy.debug.xcconfig */ = {isa = PBXFileReference; includeInIndex = 1; lastKnownFileType = text.xcconfig; name = "Pods-rainyshinycloudy.debug.xcconfig"; path = "Pods/Target Support Files/Pods-rainyshinycloudy/Pods-rainyshinycloudy.debug.xcconfig"; sourceTree = "<group>"; };
		449D304623C11554CEB8A8D6 /* Pods_rainyshinycloudy.framework */ = {isa = PBXFileReference; explicitFileType = wrapper.framework; includeInIndex = 0; path = Pods_rainyshinycloudy.framework; sourceTree = BUILT_PRODUCTS_DIR; };
		617D50A227F49502354279C8 /* Pods-rainyshinycloudy.release.xcconfig */ = {isa = PBXFileReference; includeInIndex = 1; lastKnownFileType = text.xcconfig; name = "Pods-rainyshinycloudy.release.xcconfig"; path = "Pods/Target Support Files/Pods-rainyshinycloudy/Pods-rainyshinycloudy.release.xcconfig"; sourceTree = "<group>"; };
		D664ECD71F4E2B580067CA7E /* Forecast.swift */ = {isa = PBXFileReference; lastKnownFileType = sourcecode.swift; path = Forecast.swift; sourceTree = "<group>"; };
		D664ECDB1F4F45C60067CA7E /* WeatherCell.swift */ = {isa = PBXFileReference; lastKnownFileType = sourcecode.swift; path = WeatherCell.swift; sourceTree = "<group>"; };
		D67F29F61F4C8AE500260BBB /* rainyshinycloudy.app */ = {isa = PBXFileReference; explicitFileType = wrapper.application; includeInIndex = 0; path = rainyshinycloudy.app; sourceTree = BUILT_PRODUCTS_DIR; };
		D67F29F91F4C8AE500260BBB /* AppDelegate.swift */ = {isa = PBXFileReference; lastKnownFileType = sourcecode.swift; path = AppDelegate.swift; sourceTree = "<group>"; };
		D67F29FB1F4C8AE500260BBB /* WeatherVC.swift */ = {isa = PBXFileReference; lastKnownFileType = sourcecode.swift; path = WeatherVC.swift; sourceTree = "<group>"; };
		D67F29FE1F4C8AE500260BBB /* Base */ = {isa = PBXFileReference; lastKnownFileType = file.storyboard; name = Base; path = Base.lproj/Main.storyboard; sourceTree = "<group>"; };
		D67F2A001F4C8AE500260BBB /* Assets.xcassets */ = {isa = PBXFileReference; lastKnownFileType = folder.assetcatalog; path = Assets.xcassets; sourceTree = "<group>"; };
		D67F2A031F4C8AE500260BBB /* Base */ = {isa = PBXFileReference; lastKnownFileType = file.storyboard; name = Base; path = Base.lproj/LaunchScreen.storyboard; sourceTree = "<group>"; };
		D67F2A051F4C8AE500260BBB /* Info.plist */ = {isa = PBXFileReference; lastKnownFileType = text.plist.xml; path = Info.plist; sourceTree = "<group>"; };
		D68113621F4CDD1500AA6FE0 /* constants.swift */ = {isa = PBXFileReference; lastKnownFileType = sourcecode.swift; path = constants.swift; sourceTree = "<group>"; };
		D68113641F4CE6C700AA6FE0 /* CurrentWeather.swift */ = {isa = PBXFileReference; lastKnownFileType = sourcecode.swift; path = CurrentWeather.swift; sourceTree = "<group>"; };
		D68B51BE1F603DF10016635E /* Location.swift */ = {isa = PBXFileReference; lastKnownFileType = sourcecode.swift; path = Location.swift; sourceTree = "<group>"; };
/* End PBXFileReference section */

/* Begin PBXFrameworksBuildPhase section */
		D67F29F31F4C8AE500260BBB /* Frameworks */ = {
			isa = PBXFrameworksBuildPhase;
			buildActionMask = 2147483647;
			files = (
				8F754C42CAC81C24A52A6442 /* Pods_rainyshinycloudy.framework in Frameworks */,
			);
			runOnlyForDeploymentPostprocessing = 0;
		};
/* End PBXFrameworksBuildPhase section */

/* Begin PBXGroup section */
		31E0953F059AD30A1C7946D1 /* Pods */ = {
			isa = PBXGroup;
			children = (
				224672C7C0F0AAFF1D8FA67C /* Pods-rainyshinycloudy.debug.xcconfig */,
				617D50A227F49502354279C8 /* Pods-rainyshinycloudy.release.xcconfig */,
			);
			name = Pods;
			sourceTree = "<group>";
		};
		7DCC0841683B34EF05BDFBDE /* Frameworks */ = {
			isa = PBXGroup;
			children = (
				449D304623C11554CEB8A8D6 /* Pods_rainyshinycloudy.framework */,
			);
			name = Frameworks;
			sourceTree = "<group>";
		};
		D67F29ED1F4C8AE500260BBB = {
			isa = PBXGroup;
			children = (
				D67F29F81F4C8AE500260BBB /* rainyshinycloudy */,
				D67F29F71F4C8AE500260BBB /* Products */,
				31E0953F059AD30A1C7946D1 /* Pods */,
				7DCC0841683B34EF05BDFBDE /* Frameworks */,
			);
			sourceTree = "<group>";
		};
		D67F29F71F4C8AE500260BBB /* Products */ = {
			isa = PBXGroup;
			children = (
				D67F29F61F4C8AE500260BBB /* rainyshinycloudy.app */,
			);
			name = Products;
			sourceTree = "<group>";
		};
		D67F29F81F4C8AE500260BBB /* rainyshinycloudy */ = {
			isa = PBXGroup;
			children = (
				D67F29F91F4C8AE500260BBB /* AppDelegate.swift */,
				D68B51BE1F603DF10016635E /* Location.swift */,
				D67F29FB1F4C8AE500260BBB /* WeatherVC.swift */,
				D67F29FD1F4C8AE500260BBB /* Main.storyboard */,
				D67F2A001F4C8AE500260BBB /* Assets.xcassets */,
				D67F2A021F4C8AE500260BBB /* LaunchScreen.storyboard */,
				D67F2A051F4C8AE500260BBB /* Info.plist */,
				D68113621F4CDD1500AA6FE0 /* constants.swift */,
				D68113641F4CE6C700AA6FE0 /* CurrentWeather.swift */,
				D664ECD71F4E2B580067CA7E /* Forecast.swift */,
				D664ECDB1F4F45C60067CA7E /* WeatherCell.swift */,
			);
			path = rainyshinycloudy;
			sourceTree = "<group>";
		};
/* End PBXGroup section */

/* Begin PBXNativeTarget section */
		D67F29F51F4C8AE500260BBB /* rainyshinycloudy */ = {
			isa = PBXNativeTarget;
			buildConfigurationList = D67F2A081F4C8AE500260BBB /* Build configuration list for PBXNativeTarget "rainyshinycloudy" */;
			buildPhases = (
				05D61A2D69DD7E2F66225560 /* [CP] Check Pods Manifest.lock */,
				D67F29F21F4C8AE500260BBB /* Sources */,
				D67F29F31F4C8AE500260BBB /* Frameworks */,
				D67F29F41F4C8AE500260BBB /* Resources */,
				33F20BEC886AC13DFACBB06E /* [CP] Embed Pods Frameworks */,
				B8C17B2D157BA399D4C81DEB /* [CP] Copy Pods Resources */,
			);
			buildRules = (
			);
			dependencies = (
			);
			name = rainyshinycloudy;
			productName = rainyshinycloudy;
			productReference = D67F29F61F4C8AE500260BBB /* rainyshinycloudy.app */;
			productType = "com.apple.product-type.application";
		};
/* End PBXNativeTarget section */

/* Begin PBXProject section */
		D67F29EE1F4C8AE500260BBB /* Project object */ = {
			isa = PBXProject;
			attributes = {
				LastSwiftUpdateCheck = 0900;
				LastUpgradeCheck = 0900;
				ORGANIZATIONNAME = "Sabrina Fletcher";
				TargetAttributes = {
					D67F29F51F4C8AE500260BBB = {
						CreatedOnToolsVersion = 9.0;
					};
				};
			};
			buildConfigurationList = D67F29F11F4C8AE500260BBB /* Build configuration list for PBXProject "rainyshinycloudy" */;
			compatibilityVersion = "Xcode 8.0";
			developmentRegion = en;
			hasScannedForEncodings = 0;
			knownRegions = (
				en,
				Base,
			);
			mainGroup = D67F29ED1F4C8AE500260BBB;
			productRefGroup = D67F29F71F4C8AE500260BBB /* Products */;
			projectDirPath = "";
			projectRoot = "";
			targets = (
				D67F29F51F4C8AE500260BBB /* rainyshinycloudy */,
			);
		};
/* End PBXProject section */

/* Begin PBXResourcesBuildPhase section */
		D67F29F41F4C8AE500260BBB /* Resources */ = {
			isa = PBXResourcesBuildPhase;
			buildActionMask = 2147483647;
			files = (
				D67F2A041F4C8AE500260BBB /* LaunchScreen.storyboard in Resources */,
				D67F2A011F4C8AE500260BBB /* Assets.xcassets in Resources */,
				D67F29FF1F4C8AE500260BBB /* Main.storyboard in Resources */,
			);
			runOnlyForDeploymentPostprocessing = 0;
		};
/* End PBXResourcesBuildPhase section */

/* Begin PBXShellScriptBuildPhase section */
		05D61A2D69DD7E2F66225560 /* [CP] Check Pods Manifest.lock */ = {
			isa = PBXShellScriptBuildPhase;
			buildActionMask = 2147483647;
			files = (
			);
			inputPaths = (
				"${PODS_PODFILE_DIR_PATH}/Podfile.lock",
				"${PODS_ROOT}/Manifest.lock",
			);
			name = "[CP] Check Pods Manifest.lock";
			outputPaths = (
				"$(DERIVED_FILE_DIR)/Pods-rainyshinycloudy-checkManifestLockResult.txt",
			);
			runOnlyForDeploymentPostprocessing = 0;
			shellPath = /bin/sh;
			shellScript = "diff \"${PODS_PODFILE_DIR_PATH}/Podfile.lock\" \"${PODS_ROOT}/Manifest.lock\" > /dev/null\nif [ $? != 0 ] ; then\n    # print error to STDERR\n    echo \"error: The sandbox is not in sync with the Podfile.lock. Run 'pod install' or update your CocoaPods installation.\" >&2\n    exit 1\nfi\n# This output is used by Xcode 'outputs' to avoid re-running this script phase.\necho \"SUCCESS\" > \"${SCRIPT_OUTPUT_FILE_0}\"\n";
			showEnvVarsInLog = 0;
		};
		33F20BEC886AC13DFACBB06E /* [CP] Embed Pods Frameworks */ = {
			isa = PBXShellScriptBuildPhase;
			buildActionMask = 2147483647;
			files = (
			);
			inputPaths = (
				"${SRCROOT}/Pods/Target Support Files/Pods-rainyshinycloudy/Pods-rainyshinycloudy-frameworks.sh",
				"${BUILT_PRODUCTS_DIR}/Alamofire/Alamofire.framework",
			);
			name = "[CP] Embed Pods Frameworks";
			outputPaths = (
				"${TARGET_BUILD_DIR}/${FRAMEWORKS_FOLDER_PATH}/Alamofire.framework",
			);
			runOnlyForDeploymentPostprocessing = 0;
			shellPath = /bin/sh;
			shellScript = "\"${SRCROOT}/Pods/Target Support Files/Pods-rainyshinycloudy/Pods-rainyshinycloudy-frameworks.sh\"\n";
			showEnvVarsInLog = 0;
		};
		B8C17B2D157BA399D4C81DEB /* [CP] Copy Pods Resources */ = {
			isa = PBXShellScriptBuildPhase;
			buildActionMask = 2147483647;
			files = (
			);
			inputPaths = (
			);
			name = "[CP] Copy Pods Resources";
			outputPaths = (
			);
			runOnlyForDeploymentPostprocessing = 0;
			shellPath = /bin/sh;
			shellScript = "\"${SRCROOT}/Pods/Target Support Files/Pods-rainyshinycloudy/Pods-rainyshinycloudy-resources.sh\"\n";
			showEnvVarsInLog = 0;
		};
/* End PBXShellScriptBuildPhase section */

/* Begin PBXSourcesBuildPhase section */
		D67F29F21F4C8AE500260BBB /* Sources */ = {
			isa = PBXSourcesBuildPhase;
			buildActionMask = 2147483647;
			files = (
				D67F29FC1F4C8AE500260BBB /* WeatherVC.swift in Sources */,
				D67F29FA1F4C8AE500260BBB /* AppDelegate.swift in Sources */,
				D664ECDC1F4F45C60067CA7E /* WeatherCell.swift in Sources */,
				D68113651F4CE6C700AA6FE0 /* CurrentWeather.swift in Sources */,
				D68113631F4CDD1500AA6FE0 /* constants.swift in Sources */,
				D664ECD81F4E2B580067CA7E /* Forecast.swift in Sources */,
				D68B51BF1F603DF10016635E /* Location.swift in Sources */,
			);
			runOnlyForDeploymentPostprocessing = 0;
		};
/* End PBXSourcesBuildPhase section */

/* Begin PBXVariantGroup section */
		D67F29FD1F4C8AE500260BBB /* Main.storyboard */ = {
			isa = PBXVariantGroup;
			children = (
				D67F29FE1F4C8AE500260BBB /* Base */,
			);
			name = Main.storyboard;
			sourceTree = "<group>";
		};
		D67F2A021F4C8AE500260BBB /* LaunchScreen.storyboard */ = {
			isa = PBXVariantGroup;
			children = (
				D67F2A031F4C8AE500260BBB /* Base */,
			);
			name = LaunchScreen.storyboard;
			sourceTree = "<group>";
		};
/* End PBXVariantGroup section */

/* Begin XCBuildConfiguration section */
		D67F2A061F4C8AE500260BBB /* Debug */ = {
			isa = XCBuildConfiguration;
			buildSettings = {
				ALWAYS_SEARCH_USER_PATHS = NO;
				CLANG_ANALYZER_NONNULL = YES;
				CLANG_ANALYZER_NUMBER_OBJECT_CONVERSION = YES_AGGRESSIVE;
				CLANG_CXX_LANGUAGE_STANDARD = "gnu++14";
				CLANG_CXX_LIBRARY = "libc++";
				CLANG_ENABLE_MODULES = YES;
				CLANG_ENABLE_OBJC_ARC = YES;
				CLANG_WARN_BLOCK_CAPTURE_AUTORELEASING = YES;
				CLANG_WARN_BOOL_CONVERSION = YES;
				CLANG_WARN_COMMA = YES;
				CLANG_WARN_CONSTANT_CONVERSION = YES;
				CLANG_WARN_DIRECT_OBJC_ISA_USAGE = YES_ERROR;
				CLANG_WARN_DOCUMENTATION_COMMENTS = YES;
				CLANG_WARN_EMPTY_BODY = YES;
				CLANG_WARN_ENUM_CONVERSION = YES;
				CLANG_WARN_INFINITE_RECURSION = YES;
				CLANG_WARN_INT_CONVERSION = YES;
				CLANG_WARN_NON_LITERAL_NULL_CONVERSION = YES;
				CLANG_WARN_OBJC_LITERAL_CONVERSION = YES;
				CLANG_WARN_OBJC_ROOT_CLASS = YES_ERROR;
				CLANG_WARN_RANGE_LOOP_ANALYSIS = YES;
				CLANG_WARN_STRICT_PROTOTYPES = YES;
				CLANG_WARN_SUSPICIOUS_MOVE = YES;
				CLANG_WARN_UNGUARDED_AVAILABILITY = YES_AGGRESSIVE;
				CLANG_WARN_UNREACHABLE_CODE = YES;
				CLANG_WARN__DUPLICATE_METHOD_MATCH = YES;
				CODE_SIGN_IDENTITY = "iPhone Developer";
				COPY_PHASE_STRIP = NO;
				DEBUG_INFORMATION_FORMAT = dwarf;
				ENABLE_STRICT_OBJC_MSGSEND = YES;
				ENABLE_TESTABILITY = YES;
				GCC_C_LANGUAGE_STANDARD = gnu11;
				GCC_DYNAMIC_NO_PIC = NO;
				GCC_NO_COMMON_BLOCKS = YES;
				GCC_OPTIMIZATION_LEVEL = 0;
				GCC_PREPROCESSOR_DEFINITIONS = (
					"DEBUG=1",
					"$(inherited)",
				);
				GCC_WARN_64_TO_32_BIT_CONVERSION = YES;
				GCC_WARN_ABOUT_RETURN_TYPE = YES_ERROR;
				GCC_WARN_UNDECLARED_SELECTOR = YES;
				GCC_WARN_UNINITIALIZED_AUTOS = YES_AGGRESSIVE;
				GCC_WARN_UNUSED_FUNCTION = YES;
				GCC_WARN_UNUSED_VARIABLE = YES;
				IPHONEOS_DEPLOYMENT_TARGET = 11.0;
				MTL_ENABLE_DEBUG_INFO = YES;
				ONLY_ACTIVE_ARCH = YES;
				SDKROOT = iphoneos;
				SWIFT_ACTIVE_COMPILATION_CONDITIONS = DEBUG;
				SWIFT_OPTIMIZATION_LEVEL = "-Onone";
			};
			name = Debug;
		};
		D67F2A071F4C8AE500260BBB /* Release */ = {
			isa = XCBuildConfiguration;
			buildSettings = {
				ALWAYS_SEARCH_USER_PATHS = NO;
				CLANG_ANALYZER_NONNULL = YES;
				CLANG_ANALYZER_NUMBER_OBJECT_CONVERSION = YES_AGGRESSIVE;
				CLANG_CXX_LANGUAGE_STANDARD = "gnu++14";
				CLANG_CXX_LIBRARY = "libc++";
				CLANG_ENABLE_MODULES = YES;
				CLANG_ENABLE_OBJC_ARC = YES;
				CLANG_WARN_BLOCK_CAPTURE_AUTORELEASING = YES;
				CLANG_WARN_BOOL_CONVERSION = YES;
				CLANG_WARN_COMMA = YES;
				CLANG_WARN_CONSTANT_CONVERSION = YES;
				CLANG_WARN_DIRECT_OBJC_ISA_USAGE = YES_ERROR;
				CLANG_WARN_DOCUMENTATION_COMMENTS = YES;
				CLANG_WARN_EMPTY_BODY = YES;
				CLANG_WARN_ENUM_CONVERSION = YES;
				CLANG_WARN_INFINITE_RECURSION = YES;
				CLANG_WARN_INT_CONVERSION = YES;
				CLANG_WARN_NON_LITERAL_NULL_CONVERSION = YES;
				CLANG_WARN_OBJC_LITERAL_CONVERSION = YES;
				CLANG_WARN_OBJC_ROOT_CLASS = YES_ERROR;
				CLANG_WARN_RANGE_LOOP_ANALYSIS = YES;
				CLANG_WARN_STRICT_PROTOTYPES = YES;
				CLANG_WARN_SUSPICIOUS_MOVE = YES;
				CLANG_WARN_UNGUARDED_AVAILABILITY = YES_AGGRESSIVE;
				CLANG_WARN_UNREACHABLE_CODE = YES;
				CLANG_WARN__DUPLICATE_METHOD_MATCH = YES;
				CODE_SIGN_IDENTITY = "iPhone Developer";
				COPY_PHASE_STRIP = NO;
				DEBUG_INFORMATION_FORMAT = "dwarf-with-dsym";
				ENABLE_NS_ASSERTIONS = NO;
				ENABLE_STRICT_OBJC_MSGSEND = YES;
				GCC_C_LANGUAGE_STANDARD = gnu11;
				GCC_NO_COMMON_BLOCKS = YES;
				GCC_WARN_64_TO_32_BIT_CONVERSION = YES;
				GCC_WARN_ABOUT_RETURN_TYPE = YES_ERROR;
				GCC_WARN_UNDECLARED_SELECTOR = YES;
				GCC_WARN_UNINITIALIZED_AUTOS = YES_AGGRESSIVE;
				GCC_WARN_UNUSED_FUNCTION = YES;
				GCC_WARN_UNUSED_VARIABLE = YES;
				IPHONEOS_DEPLOYMENT_TARGET = 11.0;
				MTL_ENABLE_DEBUG_INFO = NO;
				SDKROOT = iphoneos;
				SWIFT_OPTIMIZATION_LEVEL = "-Owholemodule";
				VALIDATE_PRODUCT = YES;
			};
			name = Release;
		};
		D67F2A091F4C8AE500260BBB /* Debug */ = {
			isa = XCBuildConfiguration;
			baseConfigurationReference = 224672C7C0F0AAFF1D8FA67C /* Pods-rainyshinycloudy.debug.xcconfig */;
			buildSettings = {
				ASSETCATALOG_COMPILER_APPICON_NAME = AppIcon;
				DEVELOPMENT_TEAM = FUWHW8446R;
				INFOPLIST_FILE = rainyshinycloudy/Info.plist;
				LD_RUNPATH_SEARCH_PATHS = "$(inherited) @executable_path/Frameworks";
				PRODUCT_BUNDLE_IDENTIFIER = calculator.rainyshinycloudy;
				PRODUCT_NAME = "$(TARGET_NAME)";
				SWIFT_VERSION = 4.0;
				TARGETED_DEVICE_FAMILY = 1;
			};
			name = Debug;
		};
		D67F2A0A1F4C8AE500260BBB /* Release */ = {
			isa = XCBuildConfiguration;
			baseConfigurationReference = 617D50A227F49502354279C8 /* Pods-rainyshinycloudy.release.xcconfig */;
			buildSettings = {
				ASSETCATALOG_COMPILER_APPICON_NAME = AppIcon;
				DEVELOPMENT_TEAM = FUWHW8446R;
				INFOPLIST_FILE = rainyshinycloudy/Info.plist;
				LD_RUNPATH_SEARCH_PATHS = "$(inherited) @executable_path/Frameworks";
				PRODUCT_BUNDLE_IDENTIFIER = calculator.rainyshinycloudy;
				PRODUCT_NAME = "$(TARGET_NAME)";
				SWIFT_VERSION = 4.0;
				TARGETED_DEVICE_FAMILY = 1;
			};
			name = Release;
		};
/* End XCBuildConfiguration section */

/* Begin XCConfigurationList section */
		D67F29F11F4C8AE500260BBB /* Build configuration list for PBXProject "rainyshinycloudy" */ = {
			isa = XCConfigurationList;
			buildConfigurations = (
				D67F2A061F4C8AE500260BBB /* Debug */,
				D67F2A071F4C8AE500260BBB /* Release */,
			);
			defaultConfigurationIsVisible = 0;
			defaultConfigurationName = Release;
		};
		D67F2A081F4C8AE500260BBB /* Build configuration list for PBXNativeTarget "rainyshinycloudy" */ = {
			isa = XCConfigurationList;
			buildConfigurations = (
				D67F2A091F4C8AE500260BBB /* Debug */,
				D67F2A0A1F4C8AE500260BBB /* Release */,
			);
			defaultConfigurationIsVisible = 0;
			defaultConfigurationName = Release;
		};
/* End XCConfigurationList section */
	};
	rootObject = D67F29EE1F4C8AE500260BBB /* Project object */;
}
